
Microsoft Visual Studio Solution File, Format Version 12.00
# Visual Studio Version 17
VisualStudioVersion = 17.7.34018.315
MinimumVisualStudioVersion = 10.0.40219.1
Project("{FAE04EC0-301F-11D3-BF4B-00C04F79EFBC}") = "ApiQueryLanguage", "ApiQueryLanguage\ApiQueryLanguage.csproj", "{F32E58A3-68EF-43DC-A527-D49C1E97EDB2}"
EndProject
Project("{FAE04EC0-301F-11D3-BF4B-00C04F79EFBC}") = "ApiQueryLanguageTests", "ApiQueryLanguageTests\ApiQueryLanguageTests.csproj", "{B7E65EEB-115B-4CA4-9963-5FDB936A6664}"
EndProject
Global
	GlobalSection(SolutionConfigurationPlatforms) = preSolution
		Debug|Any CPU = Debug|Any CPU
		Release|Any CPU = Release|Any CPU
	EndGlobalSection
	GlobalSection(ProjectConfigurationPlatforms) = postSolution
		{F32E58A3-68EF-43DC-A527-D49C1E97EDB2}.Debug|Any CPU.ActiveCfg = Debug|Any CPU
		{F32E58A3-68EF-43DC-A527-D49C1E97EDB2}.Debug|Any CPU.Build.0 = Debug|Any CPU
		{F32E58A3-68EF-43DC-A527-D49C1E97EDB2}.Release|Any CPU.ActiveCfg = Release|Any CPU
		{F32E58A3-68EF-43DC-A527-D49C1E97EDB2}.Release|Any CPU.Build.0 = Release|Any CPU
		{B7E65EEB-115B-4CA4-9963-5FDB936A6664}.Debug|Any CPU.ActiveCfg = Debug|Any CPU
		{B7E65EEB-115B-4CA4-9963-5FDB936A6664}.Debug|Any CPU.Build.0 = Debug|Any CPU
		{B7E65EEB-115B-4CA4-9963-5FDB936A6664}.Release|Any CPU.ActiveCfg = Release|Any CPU
		{B7E65EEB-115B-4CA4-9963-5FDB936A6664}.Release|Any CPU.Build.0 = Release|Any CPU
	EndGlobalSection
	GlobalSection(SolutionProperties) = preSolution
		HideSolutionNode = FALSE
	EndGlobalSection
	GlobalSection(ExtensibilityGlobals) = postSolution
		SolutionGuid = {C693A290-E4CE-4812-841A-44A738484EAD}
	EndGlobalSection
EndGlobal
